<?xml version="1.0" encoding="utf-8"?>
<Project ToolsVersion="4.0" xmlns="http://schemas.microsoft.com/developer/msbuild/2003">
  <ItemGroup>
    <Filter Include="Core">
      <UniqueIdentifier>{4FC737F1-C7A5-4376-A066-2A32D752A2FF}</UniqueIdentifier>
      <Extensions>cpp;c;cc;cxx;c++;cppm;ixx;def;odl;idl;hpj;bat;asm;asmx</Extensions>
    </Filter>
    <Filter Include="Network">
      <UniqueIdentifier>{3cd4fb45-1e01-41dd-b826-c9fad7d76551}</UniqueIdentifier>
    </Filter>
    <Filter Include="Protocol">
      <UniqueIdentifier>{18e8ca97-d284-45fb-951a-71dc7236cb10}</UniqueIdentifier>
    </Filter>
    <Filter Include="Protocol\Schema">
      <UniqueIdentifier>{38370f68-972e-460a-8868-4b670f253cf0}</UniqueIdentifier>
    </Filter>
    <Filter Include="Utils">
      <UniqueIdentifier>{d4a3d086-a8c9-4324-91c6-ef2e7b671f5e}</UniqueIdentifier>
    </Filter>
    <Filter Include="Game">
      <UniqueIdentifier>{3b44e930-ad63-4510-a2be-d0ac43d54f19}</UniqueIdentifier>
    </Filter>
    <Filter Include="Game\Entities">
      <UniqueIdentifier>{84ec1cf8-758e-4103-8f95-c50d842904eb}</UniqueIdentifier>
    </Filter>
    <Filter Include="DB">
      <UniqueIdentifier>{0287b348-939c-4007-8cee-79ad2e0a1549}</UniqueIdentifier>
    </Filter>
    <Filter Include="Queries">
      <UniqueIdentifier>{16bdea6a-c160-4039-b349-dd326eaabaea}</UniqueIdentifier>
    </Filter>
    <Filter Include="Game\Data">
      <UniqueIdentifier>{c1cdcfa1-e243-42a2-ab0e-55ffd15cd2ac}</UniqueIdentifier>
    </Filter>
    <Filter Include="Game\Inventory">
      <UniqueIdentifier>{acfe1d7c-8311-4822-baff-00b8ed84e207}</UniqueIdentifier>
    </Filter>
    <Filter Include="Game\Combat">
      <UniqueIdentifier>{fa0fd672-07c0-466c-8912-9015a727cb9c}</UniqueIdentifier>
    </Filter>
    <Filter Include="Game\Equipment">
      <UniqueIdentifier>{c36c017d-b07a-4db4-951a-8826a8aa4a9f}</UniqueIdentifier>
    </Filter>
    <Filter Include="Game\Data\Json">
      <UniqueIdentifier>{c62d25c1-e03a-43d0-9d6c-62a2e9c0d2c0}</UniqueIdentifier>
    </Filter>
    <Filter Include="Game\Room">
      <UniqueIdentifier>{051f4125-af34-4448-85ea-16f1b0558bb2}</UniqueIdentifier>
    </Filter>
    <Filter Include="Game\Characters">
      <UniqueIdentifier>{c86c3240-4ec0-44a0-b694-596060a93c50}</UniqueIdentifier>
    </Filter>
  </ItemGroup>
  <ItemGroup>
    <ClCompile Include="Core\pch.cpp">
      <Filter>Core</Filter>
    </ClCompile>
    <ClCompile Include="GameServer.cpp" />
    <ClCompile Include="Network\GameSession.cpp">
      <Filter>Network</Filter>
    </ClCompile>
    <ClCompile Include="Network\GameSessionManager.cpp">
      <Filter>Network</Filter>
    </ClCompile>
    <ClCompile Include="Network\SaveGate.cpp">
      <Filter>Network</Filter>
    </ClCompile>
    <ClCompile Include="Network\ServerPacketHandler.cpp">
      <Filter>Network</Filter>
    </ClCompile>
    <ClCompile Include="Core\Config.cpp">
      <Filter>Core</Filter>
    </ClCompile>
    <ClCompile Include="Core\Global.cpp">
      <Filter>Core</Filter>
    </ClCompile>
    <ClCompile Include="Protocol\Protocol.pb.cc">
      <Filter>Protocol</Filter>
    </ClCompile>
    <ClCompile Include="Protocol\Struct.pb.cc">
      <Filter>Protocol</Filter>
    </ClCompile>
    <ClCompile Include="Protocol\Enum.pb.cc">
      <Filter>Protocol</Filter>
    </ClCompile>
    <ClCompile Include="Utils\Utils.cpp">
      <Filter>Utils</Filter>
    </ClCompile>
    <ClCompile Include="Game\Characters\CharacterCreation.cpp">
      <Filter>Game\Characters</Filter>
    </ClCompile>
    <ClCompile Include="Game\Entities\EntityFactory.cpp">
      <Filter>Game\Entities</Filter>
    </ClCompile>
    <ClCompile Include="Utils\TickIntervalTimer.cpp">
      <Filter>Utils</Filter>
    </ClCompile>
    <ClCompile Include="Utils\TickTimer.cpp">
      <Filter>Utils</Filter>
    </ClCompile>
    <ClCompile Include="Game\Entities\Player.cpp">
      <Filter>Game\Entities</Filter>
    </ClCompile>
    <ClCompile Include="Game\Entities\Monster.cpp">
      <Filter>Game\Entities</Filter>
    </ClCompile>
    <ClCompile Include="Game\Entities\Entity.cpp">
      <Filter>Game\Entities</Filter>
    </ClCompile>
    <ClCompile Include="Game\Entities\Creature.cpp">
      <Filter>Game\Entities</Filter>
    </ClCompile>
    <ClCompile Include="DB\CharacterListDAO.cpp">
      <Filter>DB</Filter>
    </ClCompile>
    <ClCompile Include="DB\CharacterStateDAO.cpp">
      <Filter>DB</Filter>
    </ClCompile>
    <ClCompile Include="DB\ItemDAO.cpp">
      <Filter>DB</Filter>
    </ClCompile>
    <ClCompile Include="DB\ProgressStorage.cpp">
      <Filter>DB</Filter>
    </ClCompile>
    <ClCompile Include="DB\ItemSaveRows.cpp">
      <Filter>DB</Filter>
    </ClCompile>
    <ClCompile Include="Game\Inventory\InventoryComponent.cpp">
      <Filter>Game\Inventory</Filter>
    </ClCompile>
    <ClCompile Include="Game\Combat\Combat.cpp">
      <Filter>Game\Combat</Filter>
    </ClCompile>
    <ClCompile Include="Game\Equipment\EquipmentComponent.cpp">
      <Filter>Game\Equipment</Filter>
    </ClCompile>
    <ClCompile Include="Game\Data\Gamedata.cpp">
      <Filter>Game\Data</Filter>
    </ClCompile>
    <ClCompile Include="Game\Data\GamedataParser.cpp">
      <Filter>Game\Data</Filter>
    </ClCompile>
    <ClCompile Include="Game\Room\Room.cpp">
      <Filter>Game\Room</Filter>
    </ClCompile>
    <ClCompile Include="Game\Room\RoomTransfer.cpp">
      <Filter>Game\Room</Filter>
    </ClCompile>
    <ClCompile Include="Game\Room\CellMatrix.cpp">
      <Filter>Game\Room</Filter>
    </ClCompile>
    <ClCompile Include="Game\Room\RoomManager.cpp">
      <Filter>Game\Room</Filter>
    </ClCompile>
  </ItemGroup>
  <ItemGroup>
    <ClInclude Include="Core\Config.h">
      <Filter>Core</Filter>
    </ClInclude>
    <ClInclude Include="Core\pch.h">
      <Filter>Core</Filter>
    </ClInclude>
    <ClInclude Include="Core\Types.h">
      <Filter>Core</Filter>
    </ClInclude>
    <ClInclude Include="Core\Macro.h">
      <Filter>Core</Filter>
    </ClInclude>
    <ClInclude Include="Network\GameSession.h">
      <Filter>Network</Filter>
    </ClInclude>
    <ClInclude Include="Network\GameSessionManager.h">
      <Filter>Network</Filter>
    </ClInclude>
    <ClInclude Include="Network\SaveGate.h">
      <Filter>Network</Filter>
    </ClInclude>
    <ClInclude Include="Network\ServerPacketHandler.h">
      <Filter>Network</Filter>
    </ClInclude>
    <ClInclude Include="Core\Global.h">
      <Filter>Core</Filter>
    </ClInclude>
    <ClInclude Include="Protocol\Enum.pb.h">
      <Filter>Protocol</Filter>
    </ClInclude>
    <ClInclude Include="Protocol\Protocol.pb.h">
      <Filter>Protocol</Filter>
    </ClInclude>
    <ClInclude Include="Protocol\Struct.pb.h">
      <Filter>Protocol</Filter>
    </ClInclude>
    <ClInclude Include="Utils\Utils.h">
      <Filter>Utils</Filter>
    </ClInclude>
    <ClInclude Include="Game\Characters\CharacterCreation.h">
      <Filter>Game\Characters</Filter>
    </ClInclude>
    <ClInclude Include="Game\Entities\EntityFactory.h">
      <Filter>Game\Entities</Filter>
    </ClInclude>
    <ClInclude Include="Utils\EncodingConverter.h">
      <Filter>Utils</Filter>
    </ClInclude>
    <ClInclude Include="Utils\TickIntervalTimer.h">
      <Filter>Utils</Filter>
    </ClInclude>
    <ClInclude Include="Utils\TickTimer.h">
      <Filter>Utils</Filter>
    </ClInclude>
    <ClInclude Include="Game\Entities\Player.h">
      <Filter>Game\Entities</Filter>
    </ClInclude>
    <ClInclude Include="Game\Entities\PlayerSaveData.h">
      <Filter>Game\Entities</Filter>
    </ClInclude>
    <ClInclude Include="Game\Entities\Monster.h">
      <Filter>Game\Entities</Filter>
    </ClInclude>
    <ClInclude Include="Game\Entities\Entity.h">
      <Filter>Game\Entities</Filter>
    </ClInclude>
    <ClInclude Include="Game\Entities\Creature.h">
      <Filter>Game\Entities</Filter>
    </ClInclude>
    <ClInclude Include="DB\CharacterListDAO.h">
      <Filter>DB</Filter>
    </ClInclude>
    <ClInclude Include="DB\CharacterStateDAO.h">
      <Filter>DB</Filter>
    </ClInclude>
    <ClInclude Include="DB\ItemDAO.h">
      <Filter>DB</Filter>
    </ClInclude>
    <ClInclude Include="DB\ProgressStorage.h">
      <Filter>DB</Filter>
    </ClInclude>
    <ClInclude Include="DB\ItemSaveRows.h">
      <Filter>DB</Filter>
    </ClInclude>
    <ClInclude Include="DB\DAOCommon.h">
      <Filter>DB</Filter>
    </ClInclude>
    <ClInclude Include="Game\Entities\EntityComponent.h">
      <Filter>Game\Entities</Filter>
    </ClInclude>
    <ClInclude Include="Game\Inventory\InventoryComponent.h">
      <Filter>Game\Inventory</Filter>
    </ClInclude>
    <ClInclude Include="Game\Combat\Combat.h">
      <Filter>Game\Combat</Filter>
    </ClInclude>
    <ClInclude Include="Game\Equipment\EquipmentComponent.h">
      <Filter>Game\Equipment</Filter>
    </ClInclude>
    <ClInclude Include="Game\Data\JsonProperty.h">
      <Filter>Game\Data</Filter>
    </ClInclude>
    <ClInclude Include="Game\Data\Gamedata.h">
      <Filter>Game\Data</Filter>
    </ClInclude>
    <ClInclude Include="Game\Data\GamedataParser.h">
      <Filter>Game\Data</Filter>
    </ClInclude>
    <ClInclude Include="Game\Data\Templates.h">
      <Filter>Game\Data</Filter>
    </ClInclude>
    <ClInclude Include="Game\Room\Room.h">
      <Filter>Game\Room</Filter>
    </ClInclude>
    <ClInclude Include="Game\Room\RoomTransfer.h">
      <Filter>Game\Room</Filter>
    </ClInclude>
    <ClInclude Include="Game\Room\CellMatrix.h">
      <Filter>Game\Room</Filter>
    </ClInclude>
    <ClInclude Include="Game\Room\RoomManager.h">
      <Filter>Game\Room</Filter>
    </ClInclude>
  </ItemGroup>
  <ItemGroup>
    <None Include="..\..\Protocol\GenPackets.bat">
      <Filter>Protocol</Filter>
    </None>
    <None Include="..\..\Protocol\Schema\Enum.proto">
      <Filter>Protocol\Schema</Filter>
    </None>
    <None Include="..\..\Protocol\Schema\Protocol.proto">
      <Filter>Protocol\Schema</Filter>
    </None>
    <None Include="..\..\Protocol\Schema\Struct.proto">
      <Filter>Protocol\Schema</Filter>
    </None>
    <None Include="Queries\GameDB_CreateAllTables.sql">
      <Filter>Queries</Filter>
    </None>
    <None Include="Queries\AlterTable.sql">
      <Filter>Queries</Filter>
    </None>
    <None Include="Queries\DEBUG.sql">
      <Filter>Queries</Filter>
    </None>
    <None Include="Queries\GameDB_InsertAdminAccount.sql">
      <Filter>Queries</Filter>
    </None>
    <None Include="Queries\GameDB_GetMaxItemUid.sql">
      <Filter>Queries</Filter>
    </None>
    <None Include="Game\Data\Json\S_Item.json">
      <Filter>Game\Data\Json</Filter>
    </None>
    <None Include="Game\Data\Json\S_Map.json">
      <Filter>Game\Data\Json</Filter>
    </None>
    <None Include="Game\Data\Json\S_Monster.json">
      <Filter>Game\Data\Json</Filter>
    </None>
    <None Include="Game\Data\Json\S_Quest.json">
      <Filter>Game\Data\Json</Filter>
    </None>
    <None Include="Game\Data\Json\S_Warrior_Level_Data.json">
      <Filter>Game\Data\Json</Filter>
    </None>
  </ItemGroup>
</Project>
