<?xml version="1.0" encoding="utf-8"?>
<Project ToolsVersion="4.0" xmlns="http://schemas.microsoft.com/developer/msbuild/2003">
  <ItemGroup>
    <Filter Include="Main">
      <UniqueIdentifier>{4FC737F1-C7A5-4376-A066-2A32D752A2FF}</UniqueIdentifier>
      <Extensions>cpp;c;cc;cxx;c++;cppm;ixx;def;odl;idl;hpj;bat;asm;asmx</Extensions>
    </Filter>
    <Filter Include="Protocol">
      <UniqueIdentifier>{18e8ca97-d284-45fb-951a-71dc7236cb10}</UniqueIdentifier>
    </Filter>
    <Filter Include="Game">
      <UniqueIdentifier>{3b44e930-ad63-4510-a2be-d0ac43d54f19}</UniqueIdentifier>
    </Filter>
    <Filter Include="Protocol\Proto">
      <UniqueIdentifier>{38370f68-972e-460a-8868-4b670f253cf0}</UniqueIdentifier>
    </Filter>
    <Filter Include="Utils">
      <UniqueIdentifier>{d4a3d086-a8c9-4324-91c6-ef2e7b671f5e}</UniqueIdentifier>
    </Filter>
    <Filter Include="Game\Object">
      <UniqueIdentifier>{84ec1cf8-758e-4103-8f95-c50d842904eb}</UniqueIdentifier>
    </Filter>
    <Filter Include="DB">
      <UniqueIdentifier>{0287b348-939c-4007-8cee-79ad2e0a1549}</UniqueIdentifier>
    </Filter>
    <Filter Include="Queries">
      <UniqueIdentifier>{16bdea6a-c160-4039-b349-dd326eaabaea}</UniqueIdentifier>
    </Filter>
    <Filter Include="Game\Data">
      <UniqueIdentifier>{c1cdcfa1-e243-42a2-ab0e-55ffd15cd2ac}</UniqueIdentifier>
    </Filter>
    <Filter Include="Game\System">
      <UniqueIdentifier>{acfe1d7c-8311-4822-baff-00b8ed84e207}</UniqueIdentifier>
    </Filter>
    <Filter Include="Game\Data\Json">
      <UniqueIdentifier>{c62d25c1-e03a-43d0-9d6c-62a2e9c0d2c0}</UniqueIdentifier>
    </Filter>
    <Filter Include="Game\Room">
      <UniqueIdentifier>{051f4125-af34-4448-85ea-16f1b0558bb2}</UniqueIdentifier>
    </Filter>
  </ItemGroup>
  <ItemGroup>
    <ClCompile Include="Main\pch.cpp">
      <Filter>Main</Filter>
    </ClCompile>
    <ClCompile Include="Main\GameServer.cpp">
      <Filter>Main</Filter>
    </ClCompile>
    <ClCompile Include="Main\GameSession.cpp">
      <Filter>Main</Filter>
    </ClCompile>
    <ClCompile Include="Main\GameSessionManager.cpp">
      <Filter>Main</Filter>
    </ClCompile>
    <ClCompile Include="Main\ServerPacketHandler.cpp">
      <Filter>Main</Filter>
    </ClCompile>
    <ClCompile Include="Main\Global.cpp">
      <Filter>Main</Filter>
    </ClCompile>
    <ClCompile Include="Protocol\Protocol.pb.cc">
      <Filter>Protocol</Filter>
    </ClCompile>
    <ClCompile Include="Protocol\Struct.pb.cc">
      <Filter>Protocol</Filter>
    </ClCompile>
    <ClCompile Include="Protocol\Enum.pb.cc">
      <Filter>Protocol</Filter>
    </ClCompile>
    <ClCompile Include="Utils\Utils.cpp">
      <Filter>Utils</Filter>
    </ClCompile>
    <ClCompile Include="Utils\ObjectUtils.cpp">
      <Filter>Utils</Filter>
    </ClCompile>
    <ClCompile Include="Utils\TickIntervalTimer.cpp">
      <Filter>Utils</Filter>
    </ClCompile>
    <ClCompile Include="Utils\TickTimer.cpp">
      <Filter>Utils</Filter>
    </ClCompile>
    <ClCompile Include="Game\Object\Player.cpp">
      <Filter>Game\Object</Filter>
    </ClCompile>
    <ClCompile Include="Game\Object\Monster.cpp">
      <Filter>Game\Object</Filter>
    </ClCompile>
    <ClCompile Include="Game\Object\Object.cpp">
      <Filter>Game\Object</Filter>
    </ClCompile>
    <ClCompile Include="Game\Object\Creature.cpp">
      <Filter>Game\Object</Filter>
    </ClCompile>
    <ClCompile Include="DB\DBRequestFunctions.cpp">
      <Filter>DB</Filter>
    </ClCompile>
    <ClCompile Include="Game\System\Inventory.cpp">
      <Filter>Game\System</Filter>
    </ClCompile>
    <ClCompile Include="Game\System\EquippedGear.cpp">
      <Filter>Game\System</Filter>
    </ClCompile>
    <ClCompile Include="Game\Data\Gamedata.cpp">
      <Filter>Game\Data</Filter>
    </ClCompile>
    <ClCompile Include="Game\Room\Room.cpp">
      <Filter>Game\Room</Filter>
    </ClCompile>
    <ClCompile Include="Game\Room\RoomManager.cpp">
      <Filter>Game\Room</Filter>
    </ClCompile>
  </ItemGroup>
  <ItemGroup>
    <ClInclude Include="config.h" />
    <ClInclude Include="Main\pch.h">
      <Filter>Main</Filter>
    </ClInclude>
    <ClInclude Include="Main\GameSession.h">
      <Filter>Main</Filter>
    </ClInclude>
    <ClInclude Include="Main\GameSessionManager.h">
      <Filter>Main</Filter>
    </ClInclude>
    <ClInclude Include="Main\ServerPacketHandler.h">
      <Filter>Main</Filter>
    </ClInclude>
    <ClInclude Include="Main\Global.h">
      <Filter>Main</Filter>
    </ClInclude>
    <ClInclude Include="Protocol\Enum.pb.h">
      <Filter>Protocol</Filter>
    </ClInclude>
    <ClInclude Include="Protocol\Protocol.pb.h">
      <Filter>Protocol</Filter>
    </ClInclude>
    <ClInclude Include="Protocol\Struct.pb.h">
      <Filter>Protocol</Filter>
    </ClInclude>
    <ClInclude Include="Utils\Utils.h">
      <Filter>Utils</Filter>
    </ClInclude>
    <ClInclude Include="Utils\ObjectUtils.h">
      <Filter>Utils</Filter>
    </ClInclude>
    <ClInclude Include="Utils\EncodingConverter.h">
      <Filter>Utils</Filter>
    </ClInclude>
    <ClInclude Include="Utils\TickIntervalTimer.h">
      <Filter>Utils</Filter>
    </ClInclude>
    <ClInclude Include="Utils\TickTimer.h">
      <Filter>Utils</Filter>
    </ClInclude>
    <ClInclude Include="Game\Object\Player.h">
      <Filter>Game\Object</Filter>
    </ClInclude>
    <ClInclude Include="Game\Object\Monster.h">
      <Filter>Game\Object</Filter>
    </ClInclude>
    <ClInclude Include="Game\Object\Object.h">
      <Filter>Game\Object</Filter>
    </ClInclude>
    <ClInclude Include="Game\Object\Creature.h">
      <Filter>Game\Object</Filter>
    </ClInclude>
    <ClInclude Include="DB\DBRequestFunctions.h">
      <Filter>DB</Filter>
    </ClInclude>
    <ClInclude Include="Game\System\Inventory.h">
      <Filter>Game\System</Filter>
    </ClInclude>
    <ClInclude Include="Game\System\EquippedGear.h">
      <Filter>Game\System</Filter>
    </ClInclude>
    <ClInclude Include="Game\Data\JsonProperty.h">
      <Filter>Game\Data</Filter>
    </ClInclude>
    <ClInclude Include="Game\Data\Gamedata.h">
      <Filter>Game\Data</Filter>
    </ClInclude>
    <ClInclude Include="Game\Room\Room.h">
      <Filter>Game\Room</Filter>
    </ClInclude>
    <ClInclude Include="Game\Room\RoomManager.h">
      <Filter>Game\Room</Filter>
    </ClInclude>
  </ItemGroup>
  <ItemGroup>
    <None Include="..\Common\Protobuf\bin\GenPackets.bat">
      <Filter>Protocol</Filter>
    </None>
    <None Include="..\Common\Protobuf\bin\Enum.proto">
      <Filter>Protocol\Proto</Filter>
    </None>
    <None Include="..\Common\Protobuf\bin\Protocol.proto">
      <Filter>Protocol\Proto</Filter>
    </None>
    <None Include="..\Common\Protobuf\bin\Struct.proto">
      <Filter>Protocol\Proto</Filter>
    </None>
    <None Include="..\Queries\UserDB_CreateUsersTable.sql">
      <Filter>Queries</Filter>
    </None>
    <None Include="Queries\GameDB_CreateAllTables.sql">
      <Filter>Queries</Filter>
    </None>
    <None Include="Queries\AlterTable.sql">
      <Filter>Queries</Filter>
    </None>
    <None Include="Queries\DEBUG.sql">
      <Filter>Queries</Filter>
    </None>
    <None Include="Queries\GameDB_InsertAdminAccount.sql">
      <Filter>Queries</Filter>
    </None>
    <None Include="Queries\GameDB_GetMaxItemUid.sql">
      <Filter>Queries</Filter>
    </None>
    <None Include="Game\Data\Json\S_Item.json">
      <Filter>Game\Data\Json</Filter>
    </None>
    <None Include="Game\Data\Json\S_Map.json">
      <Filter>Game\Data\Json</Filter>
    </None>
    <None Include="Game\Data\Json\S_Monster.json">
      <Filter>Game\Data\Json</Filter>
    </None>
    <None Include="Game\Data\Json\S_Quest.json">
      <Filter>Game\Data\Json</Filter>
    </None>
    <None Include="Game\Data\Json\S_Warrior_Level_Data.json">
      <Filter>Game\Data\Json</Filter>
    </None>
  </ItemGroup>
</Project>
