<?xml version="1.0" encoding="utf-8"?>
<Project ToolsVersion="4.0" xmlns="http://schemas.microsoft.com/developer/msbuild/2003">
  <ItemGroup>
    <Filter Include="Main">
      <UniqueIdentifier>{4FC737F1-C7A5-4376-A066-2A32D752A2FF}</UniqueIdentifier>
      <Extensions>cpp;c;cc;cxx;c++;cppm;ixx;def;odl;idl;hpj;bat;asm;asmx</Extensions>
    </Filter>
    <Filter Include="Network">
      <UniqueIdentifier>{96bdfd4c-df07-4c2c-bfe2-b1c67262b314}</UniqueIdentifier>
    </Filter>
    <Filter Include="Thread">
      <UniqueIdentifier>{df9256aa-1023-4786-be15-7683ace8c70a}</UniqueIdentifier>
    </Filter>
    <Filter Include="Job">
      <UniqueIdentifier>{6c360445-e576-4529-a762-b7fa5000b075}</UniqueIdentifier>
    </Filter>
    <Filter Include="Utils">
      <UniqueIdentifier>{3d2f821a-a685-4651-b05e-5769487d5641}</UniqueIdentifier>
    </Filter>
    <Filter Include="DB">
      <UniqueIdentifier>{823f5fa3-6a2e-4e09-bd5a-169aae149677}</UniqueIdentifier>
    </Filter>
  </ItemGroup>
  <ItemGroup>
    <ClInclude Include="Main\pch.h">
      <Filter>Main</Filter>
    </ClInclude>
    <ClInclude Include="Main\CorePch.h">
      <Filter>Main</Filter>
    </ClInclude>
    <ClInclude Include="Main\Types.h">
      <Filter>Main</Filter>
    </ClInclude>
    <ClInclude Include="Main\CoreMacro.h">
      <Filter>Main</Filter>
    </ClInclude>
    <ClInclude Include="Main\CoreGlobal.h">
      <Filter>Main</Filter>
    </ClInclude>
    <ClInclude Include="Main\CoreTLS.h">
      <Filter>Main</Filter>
    </ClInclude>
    <ClInclude Include="Network\SocketUtil.h">
      <Filter>Network</Filter>
    </ClInclude>
    <ClInclude Include="Network\Service.h">
      <Filter>Network</Filter>
    </ClInclude>
    <ClInclude Include="Network\NetAddress.h">
      <Filter>Network</Filter>
    </ClInclude>
    <ClInclude Include="Network\Listener.h">
      <Filter>Network</Filter>
    </ClInclude>
    <ClInclude Include="Network\IocpCore.h">
      <Filter>Network</Filter>
    </ClInclude>
    <ClInclude Include="Network\Session.h">
      <Filter>Network</Filter>
    </ClInclude>
    <ClInclude Include="Network\NetworkEvent.h">
      <Filter>Network</Filter>
    </ClInclude>
    <ClInclude Include="Network\RecvBuffer.h">
      <Filter>Network</Filter>
    </ClInclude>
    <ClInclude Include="Network\SendBuffer.h">
      <Filter>Network</Filter>
    </ClInclude>
    <ClInclude Include="Thread\ThreadManager.h">
      <Filter>Thread</Filter>
    </ClInclude>
    <ClInclude Include="Job\Job.h">
      <Filter>Job</Filter>
    </ClInclude>
    <ClInclude Include="Job\JobQueue.h">
      <Filter>Job</Filter>
    </ClInclude>
    <ClInclude Include="Job\JobTimer.h">
      <Filter>Job</Filter>
    </ClInclude>
    <ClInclude Include="Job\GlobalQueue.h">
      <Filter>Job</Filter>
    </ClInclude>
    <ClInclude Include="Utils\LockQueue.h">
      <Filter>Utils</Filter>
    </ClInclude>
    <ClInclude Include="DB\DBBind.h">
      <Filter>DB</Filter>
    </ClInclude>
    <ClInclude Include="DB\DBConnection.h">
      <Filter>DB</Filter>
    </ClInclude>
    <ClInclude Include="DB\DBConnectionPool.h">
      <Filter>DB</Filter>
    </ClInclude>
    <ClInclude Include="DB\DBQueue.h">
      <Filter>DB</Filter>
    </ClInclude>
    <ClInclude Include="DB\DBManager.h">
      <Filter>DB</Filter>
    </ClInclude>
    <ClInclude Include="DB\RedisManager.h">
      <Filter>DB</Filter>
    </ClInclude>
  </ItemGroup>
  <ItemGroup>
    <ClCompile Include="Main\pch.cpp">
      <Filter>Main</Filter>
    </ClCompile>
    <ClCompile Include="Main\CorePch.cpp">
      <Filter>Main</Filter>
    </ClCompile>
    <ClCompile Include="Main\CoreGlobal.cpp">
      <Filter>Main</Filter>
    </ClCompile>
    <ClCompile Include="Main\CoreTLS.cpp">
      <Filter>Main</Filter>
    </ClCompile>
    <ClCompile Include="Network\SocketUtil.cpp">
      <Filter>Network</Filter>
    </ClCompile>
    <ClCompile Include="Network\Service.cpp">
      <Filter>Network</Filter>
    </ClCompile>
    <ClCompile Include="Network\NetAddress.cpp">
      <Filter>Network</Filter>
    </ClCompile>
    <ClCompile Include="Network\Listener.cpp">
      <Filter>Network</Filter>
    </ClCompile>
    <ClCompile Include="Network\IocpCore.cpp">
      <Filter>Network</Filter>
    </ClCompile>
    <ClCompile Include="Network\Session.cpp">
      <Filter>Network</Filter>
    </ClCompile>
    <ClCompile Include="Network\NetworkEvent.cpp">
      <Filter>Network</Filter>
    </ClCompile>
    <ClCompile Include="Network\SendBuffer.cpp">
      <Filter>Network</Filter>
    </ClCompile>
    <ClCompile Include="Network\RecvBuffer.cpp">
      <Filter>Network</Filter>
    </ClCompile>
    <ClCompile Include="Thread\ThreadManager.cpp">
      <Filter>Thread</Filter>
    </ClCompile>
    <ClCompile Include="Job\JobQueue.cpp">
      <Filter>Job</Filter>
    </ClCompile>
    <ClCompile Include="Job\JobTimer.cpp">
      <Filter>Job</Filter>
    </ClCompile>
    <ClCompile Include="Job\GlobalQueue.cpp">
      <Filter>Job</Filter>
    </ClCompile>
    <ClCompile Include="Utils\LockQueue.cpp">
      <Filter>Utils</Filter>
    </ClCompile>
    <ClCompile Include="DB\DBBind.cpp">
      <Filter>DB</Filter>
    </ClCompile>
    <ClCompile Include="DB\DBConnection.cpp">
      <Filter>DB</Filter>
    </ClCompile>
    <ClCompile Include="DB\DBConnectionPool.cpp">
      <Filter>DB</Filter>
    </ClCompile>
    <ClCompile Include="DB\DBQueue.cpp">
      <Filter>DB</Filter>
    </ClCompile>
    <ClCompile Include="DB\DBManager.cpp">
      <Filter>DB</Filter>
    </ClCompile>
    <ClCompile Include="DB\RedisManager.cpp">
      <Filter>DB</Filter>
    </ClCompile>
  </ItemGroup>
</Project>
